
Microsoft Visual Studio Solution File, Format Version 12.00
# Visual Studio Version 17
VisualStudioVersion = 17.9.34616.47
MinimumVisualStudioVersion = 10.0.40219.1
Project("{FAE04EC0-301F-11D3-BF4B-00C04F79EFBC}") = "EmployeeManagement", "EmployeeManagement.csproj", "{12793608-A3FE-4DD1-90F1-EF207A9DFE31}"
EndProject
Global
	GlobalSection(SolutionConfigurationPlatforms) = preSolution
		Debug|Any CPU = Debug|Any CPU
		Release|Any CPU = Release|Any CPU
	EndGlobalSection
	GlobalSection(ProjectConfigurationPlatforms) = postSolution
		{12793608-A3FE-4DD1-90F1-EF207A9DFE31}.Debug|Any CPU.ActiveCfg = Debug|Any CPU
		{12793608-A3FE-4DD1-90F1-EF207A9DFE31}.Debug|Any CPU.Build.0 = Debug|Any CPU
		{12793608-A3FE-4DD1-90F1-EF207A9DFE31}.Release|Any CPU.ActiveCfg = Release|Any CPU
		{12793608-A3FE-4DD1-90F1-EF207A9DFE31}.Release|Any CPU.Build.0 = Release|Any CPU
	EndGlobalSection
	GlobalSection(SolutionProperties) = preSolution
		HideSolutionNode = FALSE
	EndGlobalSection
	GlobalSection(ExtensibilityGlobals) = postSolution
		SolutionGuid = {88162F6B-B1E7-473E-98A8-68C217268662}
	EndGlobalSection
EndGlobal
